version = 1
revision = 2
requires-python = ">=3.12"

[[package]]
name = "colorama"
version = "0.4.6"
source = { registry = "https://pypi.org/simple" }
sdist = { url = "https://files.pythonhosted.org/packages/d8/53/6f443c9a4a8358a93a6792e2acffb9d9d5cb0a5cfd8802644b7b1c9a02e4/colorama-0.4.6.tar.gz", hash = "sha256:08695f5cb7ed6e0531a20572697297273c47b8cae5a63ffc6d6ed5c201be6e44", size = 27697, upload_time = "2022-10-25T02:36:22.414Z" }
wheels = [
    { url = "https://files.pythonhosted.org/packages/d1/d6/3965ed04c63042e047cb6a3e6ed1a63a35087b6a609aa3a15ed8ac56c221/colorama-0.4.6-py2.py3-none-any.whl", hash = "sha256:4f1d9991f5acc0ca119f9d443620b77f9d6b33703e51011c16baf57afb285fc6", size = 25335, upload_time = "2022-10-25T02:36:20.889Z" },
]

[[package]]
name = "iniconfig"
version = "2.3.0"
source = { registry = "https://pypi.org/simple" }
sdist = { url = "https://files.pythonhosted.org/packages/72/34/14ca021ce8e5dfedc35312d08ba8bf51fdd999c576889fc2c24cb97f4f10/iniconfig-2.3.0.tar.gz", hash = "sha256:c76315c77db068650d49c5b56314774a7804df16fee4402c1f19d6d15d8c4730", size = 20503, upload_time = "2025-10-18T21:55:43.219Z" }
wheels = [
    { url = "https://files.pythonhosted.org/packages/cb/b1/3846dd7f199d53cb17f49cba7e651e9ce294d8497c8c150530ed11865bb8/iniconfig-2.3.0-py3-none-any.whl", hash = "sha256:f631c04d2c48c52b84d0d0549c99ff3859c98df65b3101406327ecc7d53fbf12", size = 7484, upload_time = "2025-10-18T21:55:41.639Z" },
]

[[package]]
name = "packaging"
version = "26.0"
source = { registry = "https://pypi.org/simple" }
sdist = { url = "https://files.pythonhosted.org/packages/65/ee/299d360cdc32edc7d2cf530f3accf79c4fca01e96ffc950d8a52213bd8e4/packaging-26.0.tar.gz", hash = "sha256:00243ae351a257117b6a241061796684b084ed1c516a08c48a3f7e147a9d80b4", size = 143416, upload_time = "2026-01-21T20:50:39.064Z" }
wheels = [
    { url = "https://files.pythonhosted.org/packages/b7/b9/c538f279a4e237a006a2c98387d081e9eb060d203d8ed34467cc0f0b9b53/packaging-26.0-py3-none-any.whl", hash = "sha256:b36f1fef9334a5588b4166f8bcd26a14e521f2b55e6b9de3aaa80d3ff7a37529", size = 74366, upload_time = "2026-01-21T20:50:37.788Z" },
]

[[package]]
name = "pluggy"
version = "1.6.0"
source = { registry = "https://pypi.org/simple" }
sdist = { url = "https://files.pythonhosted.org/packages/f9/e2/3e91f31a7d2b083fe6ef3fa267035b518369d9511ffab804f839851d2779/pluggy-1.6.0.tar.gz", hash = "sha256:7dcc130b76258d33b90f61b658791dede3486c3e6bfb003ee5c9bfb396dd22f3", size = 69412, upload_time = "2025-05-15T12:30:07.975Z" }
wheels = [
    { url = "https://files.pythonhosted.org/packages/54/20/4d324d65cc6d9205fabedc306948156824eb9f0ee1633355a8f7ec5c66bf/pluggy-1.6.0-py3-none-any.whl", hash = "sha256:e920276dd6813095e9377c0bc5566d94c932c33b27a3e3945d8389c374dd4746", size = 20538, upload_time = "2025-05-15T12:30:06.134Z" },
]

[[package]]
name = "pygments"
version = "2.19.2"
source = { registry = "https://pypi.org/simple" }
sdist = { url = "https://files.pythonhosted.org/packages/b0/77/a5b8c569bf593b0140bde72ea885a803b82086995367bf2037de0159d924/pygments-2.19.2.tar.gz", hash = "sha256:636cb2477cec7f8952536970bc533bc43743542f70392ae026374600add5b887", size = 4968631, upload_time = "2025-06-21T13:39:12.283Z" }
wheels = [
    { url = "https://files.pythonhosted.org/packages/c7/21/705964c7812476f378728bdf590ca4b771ec72385c533964653c68e86bdc/pygments-2.19.2-py3-none-any.whl", hash = "sha256:86540386c03d588bb81d44bc3928634ff26449851e99741617ecb9037ee5ec0b", size = 1225217, upload_time = "2025-06-21T13:39:07.939Z" },
]

[[package]]
name = "pymupdf"
version = "1.27.1"
source = { registry = "https://pypi.org/simple" }
sdist = { url = "https://files.pythonhosted.org/packages/1b/0c/40dda0cc4bd2220a2ef75f8c53dd7d8ed1e29681fcb3df75db6ee9677a7e/pymupdf-1.27.1.tar.gz", hash = "sha256:4afbde0769c336717a149ab0de3330dcb75378f795c1a8c5af55c1a628b17d55", size = 85303479, upload_time = "2026-02-12T08:29:17.682Z" }
wheels = [
    { url = "https://files.pythonhosted.org/packages/13/19/fde6ea4712a904b65e8f41124a0e4233879b87a770fe6a8ce857964de6d5/pymupdf-1.27.1-cp310-abi3-macosx_10_9_x86_64.whl", hash = "sha256:bee9f95512f9556dbf2cacfd1413c61b29a55baa07fa7f8fc83d221d8419888a", size = 23986707, upload_time = "2026-02-11T15:03:24.025Z" },
    { url = "https://files.pythonhosted.org/packages/75/c2/070dff91ad3f1bc16fd6c6ceff23495601fcce4c92d28be534417596418a/pymupdf-1.27.1-cp310-abi3-macosx_11_0_arm64.whl", hash = "sha256:3de95a0889395b0966fafd11b94980b7543a816e89dd1c218597a08543ac3415", size = 23263493, upload_time = "2026-02-11T15:03:45.528Z" },
    { url = "https://files.pythonhosted.org/packages/8e/db/937377f4b3e0fbf6273c17436a49f7db17df1a46b1be9e26653b6fafc0e1/pymupdf-1.27.1-cp310-abi3-manylinux_2_28_aarch64.whl", hash = "sha256:2c9d9353b840040cbc724341f4095fb7e2cc1a12a9147d0ec1a0a79f5d773147", size = 24317651, upload_time = "2026-02-11T22:33:38.967Z" },
    { url = "https://files.pythonhosted.org/packages/72/d5/c701cf2d0cdd6e5d6bca3ca9188d7f5d7ce3ae67dd1368d658cd4bae2707/pymupdf-1.27.1-cp310-abi3-manylinux_2_28_x86_64.whl", hash = "sha256:aeaed76e72cbc061149a825ab0811c5f4752970c56591c2938c5042ec06b26e1", size = 24945742, upload_time = "2026-02-11T15:04:06.21Z" },
    { url = "https://files.pythonhosted.org/packages/2b/29/690202b38b93cf77b73a29c25a63a2b6f3fcb36b1f75006e50b8dee7c108/pymupdf-1.27.1-cp310-abi3-musllinux_1_2_x86_64.whl", hash = "sha256:4f1837554134fb45d390a44de8844b2ca9b6c901c82ccc90b340e3b7f3b126ca", size = 25167965, upload_time = "2026-02-11T22:36:35.478Z" },
    { url = "https://files.pythonhosted.org/packages/8a/81/f937e6aa606fd263c3a45d0ff0f0bbdbf3fb779933091fc0f6179513cc93/pymupdf-1.27.1-cp310-abi3-win32.whl", hash = "sha256:fa33b512d82c6c4852edadf57f22d5f27d16243bb33dac0fbe4eb0f281c5b17e", size = 18006253, upload_time = "2026-02-12T13:48:07.129Z" },
    { url = "https://files.pythonhosted.org/packages/3e/99/fe4a7752990bf65277718fffbead4478de9afd1c7288d7a6d643f79a6fa7/pymupdf-1.27.1-cp310-abi3-win_amd64.whl", hash = "sha256:4b6268dff3a9d713034eba5c2ffce0da37c62443578941ac5df433adcde57b2f", size = 19236703, upload_time = "2026-02-11T15:04:19.607Z" },
]

[[package]]
name = "pymupdf4llm"
version = "0.3.4"
source = { registry = "https://pypi.org/simple" }
dependencies = [
    { name = "pymupdf" },
    { name = "tabulate" },
]
sdist = { url = "https://files.pythonhosted.org/packages/a6/9b/97c4fad642f0147af3e884126d80635a1fae02c836fde9c22f0efc053254/pymupdf4llm-0.3.4.tar.gz", hash = "sha256:48d396a5fb3c14351493c7f1dd25b2a843efdbdc4526e489ee100643a2cebec1", size = 74956, upload_time = "2026-02-14T10:22:24.423Z" }
wheels = [
    { url = "https://files.pythonhosted.org/packages/2b/67/4394de2e5967d80a9b01ec323049163410b3553185c42dea0c346fa27a41/pymupdf4llm-0.3.4-py3-none-any.whl", hash = "sha256:0517492f82af978541162ade20fc54649cdca52acd478e33b97cb6171d69956f", size = 78669, upload_time = "2026-02-14T10:22:27.096Z" },
]

[[package]]
name = "pytest"
version = "9.0.2"
source = { registry = "https://pypi.org/simple" }
dependencies = [
    { name = "colorama", marker = "sys_platform == 'win32'" },
    { name = "iniconfig" },
    { name = "packaging" },
    { name = "pluggy" },
    { name = "pygments" },
]
sdist = { url = "https://files.pythonhosted.org/packages/d1/db/7ef3487e0fb0049ddb5ce41d3a49c235bf9ad299b6a25d5780a89f19230f/pytest-9.0.2.tar.gz", hash = "sha256:75186651a92bd89611d1d9fc20f0b4345fd827c41ccd5c299a868a05d70edf11", size = 1568901, upload_time = "2025-12-06T21:30:51.014Z" }
wheels = [
    { url = "https://files.pythonhosted.org/packages/3b/ab/b3226f0bd7cdcf710fbede2b3548584366da3b19b5021e74f5bde2a8fa3f/pytest-9.0.2-py3-none-any.whl", hash = "sha256:711ffd45bf766d5264d487b917733b453d917afd2b0ad65223959f59089f875b", size = 374801, upload_time = "2025-12-06T21:30:49.154Z" },
]

[[package]]
name = "tabulate"
version = "0.9.0"
source = { registry = "https://pypi.org/simple" }
sdist = { url = "https://files.pythonhosted.org/packages/ec/fe/802052aecb21e3797b8f7902564ab6ea0d60ff8ca23952079064155d1ae1/tabulate-0.9.0.tar.gz", hash = "sha256:0095b12bf5966de529c0feb1fa08671671b3368eec77d7ef7ab114be2c068b3c", size = 81090, upload_time = "2022-10-06T17:21:48.54Z" }
wheels = [
    { url = "https://files.pythonhosted.org/packages/40/44/4a5f08c96eb108af5cb50b41f76142f0afa346dfa99d5296fe7202a11854/tabulate-0.9.0-py3-none-any.whl", hash = "sha256:024ca478df22e9340661486f85298cff5f6dcdba14f3813e8830015b9ed1948f", size = 35252, upload_time = "2022-10-06T17:21:44.262Z" },
]

[[package]]
name = "today-i-learned"
version = "0.1.0"
source = { virtual = "." }
dependencies = [
    { name = "pymupdf4llm" },
    { name = "pytest" },
]

[package.metadata]
requires-dist = [
    { name = "pymupdf4llm", specifier = ">=0.3.4" },
    { name = "pytest", specifier = ">=9.0.2" },
]
