version = 1
revision = 2
requires-python = ">=3.12"

[[package]]
name = "pymupdf"
version = "1.27.1"
source = { registry = "https://pypi.org/simple" }
sdist = { url = "https://files.pythonhosted.org/packages/1b/0c/40dda0cc4bd2220a2ef75f8c53dd7d8ed1e29681fcb3df75db6ee9677a7e/pymupdf-1.27.1.tar.gz", hash = "sha256:4afbde0769c336717a149ab0de3330dcb75378f795c1a8c5af55c1a628b17d55", size = 85303479, upload_time = "2026-02-12T08:29:17.682Z" }
wheels = [
    { url = "https://files.pythonhosted.org/packages/13/19/fde6ea4712a904b65e8f41124a0e4233879b87a770fe6a8ce857964de6d5/pymupdf-1.27.1-cp310-abi3-macosx_10_9_x86_64.whl", hash = "sha256:bee9f95512f9556dbf2cacfd1413c61b29a55baa07fa7f8fc83d221d8419888a", size = 23986707, upload_time = "2026-02-11T15:03:24.025Z" },
    { url = "https://files.pythonhosted.org/packages/75/c2/070dff91ad3f1bc16fd6c6ceff23495601fcce4c92d28be534417596418a/pymupdf-1.27.1-cp310-abi3-macosx_11_0_arm64.whl", hash = "sha256:3de95a0889395b0966fafd11b94980b7543a816e89dd1c218597a08543ac3415", size = 23263493, upload_time = "2026-02-11T15:03:45.528Z" },
    { url = "https://files.pythonhosted.org/packages/8e/db/937377f4b3e0fbf6273c17436a49f7db17df1a46b1be9e26653b6fafc0e1/pymupdf-1.27.1-cp310-abi3-manylinux_2_28_aarch64.whl", hash = "sha256:2c9d9353b840040cbc724341f4095fb7e2cc1a12a9147d0ec1a0a79f5d773147", size = 24317651, upload_time = "2026-02-11T22:33:38.967Z" },
    { url = "https://files.pythonhosted.org/packages/72/d5/c701cf2d0cdd6e5d6bca3ca9188d7f5d7ce3ae67dd1368d658cd4bae2707/pymupdf-1.27.1-cp310-abi3-manylinux_2_28_x86_64.whl", hash = "sha256:aeaed76e72cbc061149a825ab0811c5f4752970c56591c2938c5042ec06b26e1", size = 24945742, upload_time = "2026-02-11T15:04:06.21Z" },
    { url = "https://files.pythonhosted.org/packages/2b/29/690202b38b93cf77b73a29c25a63a2b6f3fcb36b1f75006e50b8dee7c108/pymupdf-1.27.1-cp310-abi3-musllinux_1_2_x86_64.whl", hash = "sha256:4f1837554134fb45d390a44de8844b2ca9b6c901c82ccc90b340e3b7f3b126ca", size = 25167965, upload_time = "2026-02-11T22:36:35.478Z" },
    { url = "https://files.pythonhosted.org/packages/8a/81/f937e6aa606fd263c3a45d0ff0f0bbdbf3fb779933091fc0f6179513cc93/pymupdf-1.27.1-cp310-abi3-win32.whl", hash = "sha256:fa33b512d82c6c4852edadf57f22d5f27d16243bb33dac0fbe4eb0f281c5b17e", size = 18006253, upload_time = "2026-02-12T13:48:07.129Z" },
    { url = "https://files.pythonhosted.org/packages/3e/99/fe4a7752990bf65277718fffbead4478de9afd1c7288d7a6d643f79a6fa7/pymupdf-1.27.1-cp310-abi3-win_amd64.whl", hash = "sha256:4b6268dff3a9d713034eba5c2ffce0da37c62443578941ac5df433adcde57b2f", size = 19236703, upload_time = "2026-02-11T15:04:19.607Z" },
]

[[package]]
name = "pymupdf4llm"
version = "0.3.4"
source = { registry = "https://pypi.org/simple" }
dependencies = [
    { name = "pymupdf" },
    { name = "tabulate" },
]
sdist = { url = "https://files.pythonhosted.org/packages/a6/9b/97c4fad642f0147af3e884126d80635a1fae02c836fde9c22f0efc053254/pymupdf4llm-0.3.4.tar.gz", hash = "sha256:48d396a5fb3c14351493c7f1dd25b2a843efdbdc4526e489ee100643a2cebec1", size = 74956, upload_time = "2026-02-14T10:22:24.423Z" }
wheels = [
    { url = "https://files.pythonhosted.org/packages/2b/67/4394de2e5967d80a9b01ec323049163410b3553185c42dea0c346fa27a41/pymupdf4llm-0.3.4-py3-none-any.whl", hash = "sha256:0517492f82af978541162ade20fc54649cdca52acd478e33b97cb6171d69956f", size = 78669, upload_time = "2026-02-14T10:22:27.096Z" },
]

[[package]]
name = "tabulate"
version = "0.9.0"
source = { registry = "https://pypi.org/simple" }
sdist = { url = "https://files.pythonhosted.org/packages/ec/fe/802052aecb21e3797b8f7902564ab6ea0d60ff8ca23952079064155d1ae1/tabulate-0.9.0.tar.gz", hash = "sha256:0095b12bf5966de529c0feb1fa08671671b3368eec77d7ef7ab114be2c068b3c", size = 81090, upload_time = "2022-10-06T17:21:48.54Z" }
wheels = [
    { url = "https://files.pythonhosted.org/packages/40/44/4a5f08c96eb108af5cb50b41f76142f0afa346dfa99d5296fe7202a11854/tabulate-0.9.0-py3-none-any.whl", hash = "sha256:024ca478df22e9340661486f85298cff5f6dcdba14f3813e8830015b9ed1948f", size = 35252, upload_time = "2022-10-06T17:21:44.262Z" },
]

[[package]]
name = "today-i-learned"
version = "0.1.0"
source = { virtual = "." }
dependencies = [
    { name = "pymupdf4llm" },
]

[package.metadata]
requires-dist = [{ name = "pymupdf4llm", specifier = ">=0.3.4" }]
